
Microsoft Visual Studio Solution File, Format Version 12.00
# Visual Studio Version 16
VisualStudioVersion = 16.0.29519.87
MinimumVisualStudioVersion = 10.0.40219.1
Project("{FAE04EC0-301F-11D3-BF4B-00C04F79EFBC}") = "PeopleReport", "PeopleReport\PeopleReport.csproj", "{2CE8CEB8-5755-423A-BC37-D06FB7C8EA2D}"
EndProject
Global
	GlobalSection(SolutionConfigurationPlatforms) = preSolution
		Debug|Any CPU = Debug|Any CPU
		Release|Any CPU = Release|Any CPU
	EndGlobalSection
	GlobalSection(ProjectConfigurationPlatforms) = postSolution
		{2CE8CEB8-5755-423A-BC37-D06FB7C8EA2D}.Debug|Any CPU.ActiveCfg = Debug|Any CPU
		{2CE8CEB8-5755-423A-BC37-D06FB7C8EA2D}.Debug|Any CPU.Build.0 = Debug|Any CPU
		{2CE8CEB8-5755-423A-BC37-D06FB7C8EA2D}.Release|Any CPU.ActiveCfg = Release|Any CPU
		{2CE8CEB8-5755-423A-BC37-D06FB7C8EA2D}.Release|Any CPU.Build.0 = Release|Any CPU
	EndGlobalSection
	GlobalSection(SolutionProperties) = preSolution
		HideSolutionNode = FALSE
	EndGlobalSection
	GlobalSection(ExtensibilityGlobals) = postSolution
		SolutionGuid = {073FDC6C-62C0-48C8-BC52-709CA28F75AB}
	EndGlobalSection
EndGlobal
